{
  "version": 4,
  "terraform_version": "1.10.5",
  "serial": 36,
  "lineage": "4f7a054c-96c4-3855-02c2-451fbb7ccc9f",
  "outputs": {
    "cluster_endpoint": {
      "value": "https://A66ABB2086235EAC920E8D5B0D793CEC.gr7.us-east-1.eks.amazonaws.com",
      "type": "string"
    },
    "cluster_name": {
      "value": "springboot-eks-cluster",
      "type": "string"
    },
    "configure_kubectl": {
      "value": "aws eks update-kubeconfig --region us-east-1 --name springboot-eks-cluster",
      "type": "string"
    }
  },
  "resources": [
    {
      "mode": "data",
      "type": "aws_availability_zones",
      "name": "available",
      "provider": "provider[\"registry.terraform.io/hashicorp/aws\"]",
      "instances": [
        {
          "schema_version": 0,
          "attributes": {
            "all_availability_zones": null,
            "exclude_names": null,
            "exclude_zone_ids": null,
            "filter": null,
            "group_names": [
              "us-east-1-zg-1"
            ],
            "id": "us-east-1",
            "names": [
              "us-east-1a",
              "us-east-1b",
              "us-east-1c",
              "us-east-1d",
              "us-east-1e",
              "us-east-1f"
            ],
            "region": "us-east-1",
            "state": "available",
            "timeouts": null,
            "zone_ids": [
              "use1-az4",
              "use1-az6",
              "use1-az1",
              "use1-az2",
              "use1-az3",
              "use1-az5"
            ]
          },
          "sensitive_attributes": []
        }
      ]
    },
    {
      "mode": "data",
      "type": "aws_iam_role",
      "name": "lab_role",
      "provider": "provider[\"registry.terraform.io/hashicorp/aws\"]",
      "instances": [
        {
          "schema_version": 0,
          "attributes": {
            "arn": "arn:aws:iam::170565538301:role/LabRole",
            "assume_role_policy": "{\"Version\":\"2012-10-17\",\"Statement\":[{\"Effect\":\"Allow\",\"Principal\":{\"AWS\":\"arn:aws:iam::170565538301:role/LabRole\",\"Service\":[\"application-autoscaling.amazonaws.com\",\"lambda.amazonaws.com\",\"rekognition.amazonaws.com\",\"sns.amazonaws.com\",\"elasticloadbalancing.amazonaws.com\",\"dynamodb.amazonaws.com\",\"elasticfilesystem.amazonaws.com\",\"iot.amazonaws.com\",\"events.amazonaws.com\",\"cloudtrail.amazonaws.com\",\"iotevents.amazonaws.com\",\"logs.amazonaws.com\",\"codecommit.amazonaws.com\",\"cloud9.amazonaws.com\",\"forecast.amazonaws.com\",\"credentials.iot.amazonaws.com\",\"backup.amazonaws.com\",\"ec2.amazonaws.com\",\"rds.amazonaws.com\",\"codewhisperer.amazonaws.com\",\"states.amazonaws.com\",\"autoscaling.amazonaws.com\",\"servicecatalog.amazonaws.com\",\"ecs-tasks.amazonaws.com\",\"pipes.amazonaws.com\",\"scheduler.amazonaws.com\",\"batch.amazonaws.com\",\"kms.amazonaws.com\",\"ssm.amazonaws.com\",\"ec2.application-autoscaling.amazonaws.com\",\"resource-groups.amazonaws.com\",\"ecs.amazonaws.com\",\"cloudformation.amazonaws.com\",\"elasticbeanstalk.amazonaws.com\",\"codedeploy.amazonaws.com\",\"apigateway.amazonaws.com\",\"elasticmapreduce.amazonaws.com\",\"sqs.amazonaws.com\",\"athena.amazonaws.com\",\"firehose.amazonaws.com\",\"eks.amazonaws.com\",\"cognito-idp.amazonaws.com\",\"glue.amazonaws.com\",\"eks-fargate-pods.amazonaws.com\",\"deepracer.amazonaws.com\",\"kinesisanalytics.amazonaws.com\",\"sagemaker.amazonaws.com\",\"s3.amazonaws.com\",\"redshift.amazonaws.com\",\"kinesis.amazonaws.com\",\"iotanalytics.amazonaws.com\",\"databrew.amazonaws.com\",\"secretsmanager.amazonaws.com\"]},\"Action\":\"sts:AssumeRole\"}]}",
            "create_date": "2025-11-20T17:08:04Z",
            "description": "",
            "id": "LabRole",
            "max_session_duration": 3600,
            "name": "LabRole",
            "path": "/",
            "permissions_boundary": "",
            "role_last_used": [
              {
                "last_used_date": "",
                "region": ""
              }
            ],
            "tags": {
              "cloudlab": "c180773a4650446l12764156t1w170565538301"
            },
            "unique_id": "AROASPNT7SH6T2JWRFNNU"
          },
          "sensitive_attributes": []
        }
      ]
    },
    {
      "mode": "managed",
      "type": "aws_eks_cluster",
      "name": "springboot_cluster",
      "provider": "provider[\"registry.terraform.io/hashicorp/aws\"]",
      "instances": [
        {
          "schema_version": 1,
          "attributes": {
            "access_config": [
              {
                "authentication_mode": "CONFIG_MAP",
                "bootstrap_cluster_creator_admin_permissions": true
              }
            ],
            "arn": "arn:aws:eks:us-east-1:170565538301:cluster/springboot-eks-cluster",
            "bootstrap_self_managed_addons": true,
            "certificate_authority": [
              {
                "data": "LS0tLS1CRUdJTiBDRVJUSUZJQ0FURS0tLS0tCk1JSURCVENDQWUyZ0F3SUJBZ0lJSmhTUDJKeElFekl3RFFZSktvWklodmNOQVFFTEJRQXdGVEVUTUJFR0ExVUUKQXhNS2EzVmlaWEp1WlhSbGN6QWVGdzB5TlRFeE1qQXhPVE0zTXpoYUZ3MHpOVEV4TVRneE9UUXlNemhhTUJVeApFekFSQmdOVkJBTVRDbXQxWW1WeWJtVjBaWE13Z2dFaU1BMEdDU3FHU0liM0RRRUJBUVVBQTRJQkR3QXdnZ0VLCkFvSUJBUUM2TW1ZcFJ4VDZIWDJUaG5CMXVGU2FQVXdZZGlIRmNuTHMvRmhzUkVmazhucHUwNUMxY0pJQXMwTGoKUm1hd3MyUGdBVHI1QmpLRnJYaE9BRVMraThkQW45SWlwc0RLV2FCdzNjaDJaZWNyeEtHVzhDdTM5UlBIZkl2KwptVXBNb0lxdy8yQ2hQQkZkTVVnd2taMjRJOVk3M2ZvKzdGZE8vdTRNdi93OU1IY0x5OC9BZVNoUjRSQTc4UHlpCk1QR3dKcEVmZ2VEUWhvYlVZdFhabUo0UzlIek41ZUFXZzAwcXRQamFBZnB4ZmljQkxGazkwVndKeEdLNWVZRnkKNjFyaVgvbEZFbDlvOE1KN3A2eDZ1SWtsWUZVVHRVMmpGaklUMFUyaE1vWEFoV0FFRjI0RFJSaHVCZGJSdmsvbwphc0FzWS9ITkI4aHJrUW1zVFJ5RWI3ODh4QS9OQWdNQkFBR2pXVEJYTUE0R0ExVWREd0VCL3dRRUF3SUNwREFQCkJnTlZIUk1CQWY4RUJUQURBUUgvTUIwR0ExVWREZ1FXQkJRakZkZFl6L09uaTZ3V2ZWUElFd2hoQkZWUFBUQVYKQmdOVkhSRUVEakFNZ2dwcmRXSmxjbTVsZEdWek1BMEdDU3FHU0liM0RRRUJDd1VBQTRJQkFRQnBUQURxT09TeQpYaENwQWc3T3U3ZkQ0T2dSVG5NL09QeUtRZ1pITGlDM3h3ZjR5bDZBUjgvZEZSc2t5TldySTRnTDFlTzZsK1BnCmwya2c4UnRING5pOEZwbzdNcWJnY2VSaDhEZWRhc2Jkb0hMYlRaZlBVNVZxNTZHblhPWGxwWGFKR240dHNvNXMKVzJkaGJqUU9NbkhVUHpzZmJ4ZlpOd0lGb1didW8waWFNZ21qWG05TGNmVi9qSi9lUnNZcFRxY3NycmRDLzBKQQpNaElnLzBQanZ1Z1dHNllyLzVnWGYvVHpLc01QVlROUmo5ZURjNlBNeEUrNUgvblpsZ0VKTVZPM3ZXSFRFQ2hECmhBRnJGT09jeGM1cEd6djdhSFJtYVFsRjlHeUdVOXZLNDVTM2p1MUZmWXJhUnVFanJvQzVNWnM0Zmlyb1BLeFoKcUx2VlRxdHlQTU81Ci0tLS0tRU5EIENFUlRJRklDQVRFLS0tLS0K"
              }
            ],
            "cluster_id": null,
            "compute_config": [
              {
                "enabled": false,
                "node_pools": [],
                "node_role_arn": ""
              }
            ],
            "created_at": "2025-11-20T19:36:31Z",
            "deletion_protection": false,
            "enabled_cluster_log_types": [
              "api",
              "audit"
            ],
            "encryption_config": [],
            "endpoint": "https://A66ABB2086235EAC920E8D5B0D793CEC.gr7.us-east-1.eks.amazonaws.com",
            "force_update_version": null,
            "id": "springboot-eks-cluster",
            "identity": [
              {
                "oidc": [
                  {
                    "issuer": "https://oidc.eks.us-east-1.amazonaws.com/id/A66ABB2086235EAC920E8D5B0D793CEC"
                  }
                ]
              }
            ],
            "kubernetes_network_config": [
              {
                "elastic_load_balancing": [
                  {
                    "enabled": false
                  }
                ],
                "ip_family": "ipv4",
                "service_ipv4_cidr": "172.20.0.0/16",
                "service_ipv6_cidr": ""
              }
            ],
            "name": "springboot-eks-cluster",
            "outpost_config": [],
            "platform_version": "eks.57",
            "region": "us-east-1",
            "remote_network_config": [],
            "role_arn": "arn:aws:iam::170565538301:role/LabRole",
            "status": "ACTIVE",
            "storage_config": [
              {
                "block_storage": [
                  {
                    "enabled": false
                  }
                ]
              }
            ],
            "tags": {
              "Environment": "production",
              "Name": "springboot-eks"
            },
            "tags_all": {
              "Environment": "production",
              "Name": "springboot-eks"
            },
            "timeouts": null,
            "upgrade_policy": [
              {
                "support_type": "EXTENDED"
              }
            ],
            "version": "1.29",
            "vpc_config": [
              {
                "cluster_security_group_id": "sg-004b82e0a5e52baf2",
                "endpoint_private_access": false,
                "endpoint_public_access": true,
                "public_access_cidrs": [
                  "0.0.0.0/0"
                ],
                "security_group_ids": null,
                "subnet_ids": [
                  "subnet-0082fc25d9a0bfd14",
                  "subnet-039b349fa3c47fa53"
                ],
                "vpc_id": "vpc-0d82ab8ecf477b434"
              }
            ],
            "zonal_shift_config": []
          },
          "sensitive_attributes": [],
          "private": "eyJlMmJmYjczMC1lY2FhLTExZTYtOGY4OC0zNDM2M2JjN2M0YzAiOnsiY3JlYXRlIjoxODAwMDAwMDAwMDAwLCJkZWxldGUiOjkwMDAwMDAwMDAwMCwidXBkYXRlIjozNjAwMDAwMDAwMDAwfSwic2NoZW1hX3ZlcnNpb24iOiIxIn0=",
          "dependencies": [
            "aws_subnet.public",
            "aws_vpc.main",
            "data.aws_availability_zones.available",
            "data.aws_iam_role.lab_role"
          ]
        }
      ]
    },
    {
      "mode": "managed",
      "type": "aws_eks_node_group",
      "name": "springboot_nodes",
      "provider": "provider[\"registry.terraform.io/hashicorp/aws\"]",
      "instances": [
        {
          "schema_version": 0,
          "attributes": {
            "ami_type": "AL2_x86_64",
            "arn": "arn:aws:eks:us-east-1:170565538301:nodegroup/springboot-eks-cluster/springboot-nodes/86cd5166-235b-f3bf-eafa-a1fcc11e0039",
            "capacity_type": "ON_DEMAND",
            "cluster_name": "springboot-eks-cluster",
            "disk_size": 30,
            "force_update_version": null,
            "id": "springboot-eks-cluster:springboot-nodes",
            "instance_types": [
              "t3.small"
            ],
            "labels": null,
            "launch_template": [],
            "node_group_name": "springboot-nodes",
            "node_group_name_prefix": "",
            "node_repair_config": [],
            "node_role_arn": "arn:aws:iam::170565538301:role/LabRole",
            "region": "us-east-1",
            "release_version": "1.29.15-20251112",
            "remote_access": [],
            "resources": [
              {
                "autoscaling_groups": [
                  {
                    "name": "eks-springboot-nodes-86cd5166-235b-f3bf-eafa-a1fcc11e0039"
                  }
                ],
                "remote_access_security_group_id": ""
              }
            ],
            "scaling_config": [
              {
                "desired_size": 2,
                "max_size": 4,
                "min_size": 2
              }
            ],
            "status": "ACTIVE",
            "subnet_ids": [
              "subnet-0082fc25d9a0bfd14",
              "subnet-039b349fa3c47fa53"
            ],
            "tags": {
              "Environment": "production",
              "Name": "springboot-eks-nodes"
            },
            "tags_all": {
              "Environment": "production",
              "Name": "springboot-eks-nodes"
            },
            "taint": [],
            "timeouts": null,
            "update_config": [
              {
                "max_unavailable": 1,
                "max_unavailable_percentage": 0
              }
            ],
            "version": "1.29"
          },
          "sensitive_attributes": [],
          "private": "eyJlMmJmYjczMC1lY2FhLTExZTYtOGY4OC0zNDM2M2JjN2M0YzAiOnsiY3JlYXRlIjozNjAwMDAwMDAwMDAwLCJkZWxldGUiOjM2MDAwMDAwMDAwMDAsInVwZGF0ZSI6MzYwMDAwMDAwMDAwMH19",
          "dependencies": [
            "aws_eks_cluster.springboot_cluster",
            "aws_subnet.public",
            "aws_vpc.main",
            "data.aws_availability_zones.available",
            "data.aws_iam_role.lab_role"
          ]
        }
      ]
    },
    {
      "mode": "managed",
      "type": "aws_internet_gateway",
      "name": "main",
      "provider": "provider[\"registry.terraform.io/hashicorp/aws\"]",
      "instances": [
        {
          "schema_version": 0,
          "attributes": {
            "arn": "arn:aws:ec2:us-east-1:170565538301:internet-gateway/igw-095da16d494d2ae30",
            "id": "igw-095da16d494d2ae30",
            "owner_id": "170565538301",
            "region": "us-east-1",
            "tags": {
              "Name": "springboot-eks-igw"
            },
            "tags_all": {
              "Name": "springboot-eks-igw"
            },
            "timeouts": null,
            "vpc_id": "vpc-0d82ab8ecf477b434"
          },
          "sensitive_attributes": [],
          "private": "eyJlMmJmYjczMC1lY2FhLTExZTYtOGY4OC0zNDM2M2JjN2M0YzAiOnsiY3JlYXRlIjoxMjAwMDAwMDAwMDAwLCJkZWxldGUiOjEyMDAwMDAwMDAwMDAsInVwZGF0ZSI6MTIwMDAwMDAwMDAwMH19",
          "dependencies": [
            "aws_vpc.main"
          ]
        }
      ]
    },
    {
      "mode": "managed",
      "type": "aws_route_table",
      "name": "public",
      "provider": "provider[\"registry.terraform.io/hashicorp/aws\"]",
      "instances": [
        {
          "schema_version": 0,
          "attributes": {
            "arn": "arn:aws:ec2:us-east-1:170565538301:route-table/rtb-00ad59933eba70f8e",
            "id": "rtb-00ad59933eba70f8e",
            "owner_id": "170565538301",
            "propagating_vgws": [],
            "region": "us-east-1",
            "route": [
              {
                "carrier_gateway_id": "",
                "cidr_block": "0.0.0.0/0",
                "core_network_arn": "",
                "destination_prefix_list_id": "",
                "egress_only_gateway_id": "",
                "gateway_id": "igw-095da16d494d2ae30",
                "ipv6_cidr_block": "",
                "local_gateway_id": "",
                "nat_gateway_id": "",
                "network_interface_id": "",
                "transit_gateway_id": "",
                "vpc_endpoint_id": "",
                "vpc_peering_connection_id": ""
              }
            ],
            "tags": {
              "Name": "springboot-eks-public-rt"
            },
            "tags_all": {
              "Name": "springboot-eks-public-rt"
            },
            "timeouts": null,
            "vpc_id": "vpc-0d82ab8ecf477b434"
          },
          "sensitive_attributes": [],
          "private": "eyJlMmJmYjczMC1lY2FhLTExZTYtOGY4OC0zNDM2M2JjN2M0YzAiOnsiY3JlYXRlIjozMDAwMDAwMDAwMDAsImRlbGV0ZSI6MzAwMDAwMDAwMDAwLCJ1cGRhdGUiOjEyMDAwMDAwMDAwMH19",
          "dependencies": [
            "aws_internet_gateway.main",
            "aws_vpc.main"
          ]
        }
      ]
    },
    {
      "mode": "managed",
      "type": "aws_route_table_association",
      "name": "public",
      "provider": "provider[\"registry.terraform.io/hashicorp/aws\"]",
      "instances": [
        {
          "index_key": 0,
          "schema_version": 0,
          "attributes": {
            "gateway_id": "",
            "id": "rtbassoc-0fb5d1161aad696c3",
            "region": "us-east-1",
            "route_table_id": "rtb-00ad59933eba70f8e",
            "subnet_id": "subnet-039b349fa3c47fa53",
            "timeouts": null
          },
          "sensitive_attributes": [],
          "private": "eyJlMmJmYjczMC1lY2FhLTExZTYtOGY4OC0zNDM2M2JjN2M0YzAiOnsiY3JlYXRlIjozMDAwMDAwMDAwMDAsImRlbGV0ZSI6MzAwMDAwMDAwMDAwLCJ1cGRhdGUiOjEyMDAwMDAwMDAwMH19",
          "dependencies": [
            "aws_internet_gateway.main",
            "aws_route_table.public",
            "aws_subnet.public",
            "aws_vpc.main",
            "data.aws_availability_zones.available"
          ]
        },
        {
          "index_key": 1,
          "schema_version": 0,
          "attributes": {
            "gateway_id": "",
            "id": "rtbassoc-0e876274532537d90",
            "region": "us-east-1",
            "route_table_id": "rtb-00ad59933eba70f8e",
            "subnet_id": "subnet-0082fc25d9a0bfd14",
            "timeouts": null
          },
          "sensitive_attributes": [],
          "private": "eyJlMmJmYjczMC1lY2FhLTExZTYtOGY4OC0zNDM2M2JjN2M0YzAiOnsiY3JlYXRlIjozMDAwMDAwMDAwMDAsImRlbGV0ZSI6MzAwMDAwMDAwMDAwLCJ1cGRhdGUiOjEyMDAwMDAwMDAwMH19",
          "dependencies": [
            "aws_internet_gateway.main",
            "aws_route_table.public",
            "aws_subnet.public",
            "aws_vpc.main",
            "data.aws_availability_zones.available"
          ]
        }
      ]
    },
    {
      "mode": "managed",
      "type": "aws_security_group",
      "name": "eks_cluster",
      "provider": "provider[\"registry.terraform.io/hashicorp/aws\"]",
      "instances": [
        {
          "schema_version": 1,
          "attributes": {
            "arn": "arn:aws:ec2:us-east-1:170565538301:security-group/sg-0ae4431ba2481b3a4",
            "description": "Security group for Spring Boot EKS cluster",
            "egress": [
              {
                "cidr_blocks": [
                  "0.0.0.0/0"
                ],
                "description": "",
                "from_port": 0,
                "ipv6_cidr_blocks": [],
                "prefix_list_ids": [],
                "protocol": "-1",
                "security_groups": [],
                "self": false,
                "to_port": 0
              }
            ],
            "id": "sg-0ae4431ba2481b3a4",
            "ingress": [
              {
                "cidr_blocks": [
                  "0.0.0.0/0"
                ],
                "description": "HTTP",
                "from_port": 80,
                "ipv6_cidr_blocks": [],
                "prefix_list_ids": [],
                "protocol": "tcp",
                "security_groups": [],
                "self": false,
                "to_port": 80
              },
              {
                "cidr_blocks": [
                  "0.0.0.0/0"
                ],
                "description": "HTTPS",
                "from_port": 443,
                "ipv6_cidr_blocks": [],
                "prefix_list_ids": [],
                "protocol": "tcp",
                "security_groups": [],
                "self": false,
                "to_port": 443
              },
              {
                "cidr_blocks": [
                  "0.0.0.0/0"
                ],
                "description": "Spring Boot App",
                "from_port": 8080,
                "ipv6_cidr_blocks": [],
                "prefix_list_ids": [],
                "protocol": "tcp",
                "security_groups": [],
                "self": false,
                "to_port": 8080
              }
            ],
            "name": "springboot-eks-cluster-sg",
            "name_prefix": "",
            "owner_id": "170565538301",
            "region": "us-east-1",
            "revoke_rules_on_delete": false,
            "tags": {
              "Name": "springboot-eks-cluster-sg"
            },
            "tags_all": {
              "Name": "springboot-eks-cluster-sg"
            },
            "timeouts": null,
            "vpc_id": "vpc-0d82ab8ecf477b434"
          },
          "sensitive_attributes": [],
          "private": "eyJlMmJmYjczMC1lY2FhLTExZTYtOGY4OC0zNDM2M2JjN2M0YzAiOnsiY3JlYXRlIjo2MDAwMDAwMDAwMDAsImRlbGV0ZSI6OTAwMDAwMDAwMDAwfSwic2NoZW1hX3ZlcnNpb24iOiIxIn0=",
          "dependencies": [
            "aws_vpc.main"
          ]
        }
      ]
    },
    {
      "mode": "managed",
      "type": "aws_subnet",
      "name": "public",
      "provider": "provider[\"registry.terraform.io/hashicorp/aws\"]",
      "instances": [
        {
          "index_key": 0,
          "schema_version": 1,
          "attributes": {
            "arn": "arn:aws:ec2:us-east-1:170565538301:subnet/subnet-039b349fa3c47fa53",
            "assign_ipv6_address_on_creation": false,
            "availability_zone": "us-east-1a",
            "availability_zone_id": "use1-az4",
            "cidr_block": "10.0.1.0/24",
            "customer_owned_ipv4_pool": "",
            "enable_dns64": false,
            "enable_lni_at_device_index": 0,
            "enable_resource_name_dns_a_record_on_launch": false,
            "enable_resource_name_dns_aaaa_record_on_launch": false,
            "id": "subnet-039b349fa3c47fa53",
            "ipv6_cidr_block": "",
            "ipv6_cidr_block_association_id": "",
            "ipv6_native": false,
            "map_customer_owned_ip_on_launch": false,
            "map_public_ip_on_launch": true,
            "outpost_arn": "",
            "owner_id": "170565538301",
            "private_dns_hostname_type_on_launch": "ip-name",
            "region": "us-east-1",
            "tags": {
              "Name": "springboot-eks-public-subnet-1",
              "kubernetes.io/role/elb": "1"
            },
            "tags_all": {
              "Name": "springboot-eks-public-subnet-1",
              "kubernetes.io/role/elb": "1"
            },
            "timeouts": null,
            "vpc_id": "vpc-0d82ab8ecf477b434"
          },
          "sensitive_attributes": [],
          "private": "eyJlMmJmYjczMC1lY2FhLTExZTYtOGY4OC0zNDM2M2JjN2M0YzAiOnsiY3JlYXRlIjo2MDAwMDAwMDAwMDAsImRlbGV0ZSI6MTIwMDAwMDAwMDAwMH0sInNjaGVtYV92ZXJzaW9uIjoiMSJ9",
          "dependencies": [
            "aws_vpc.main",
            "data.aws_availability_zones.available"
          ]
        },
        {
          "index_key": 1,
          "schema_version": 1,
          "attributes": {
            "arn": "arn:aws:ec2:us-east-1:170565538301:subnet/subnet-0082fc25d9a0bfd14",
            "assign_ipv6_address_on_creation": false,
            "availability_zone": "us-east-1b",
            "availability_zone_id": "use1-az6",
            "cidr_block": "10.0.2.0/24",
            "customer_owned_ipv4_pool": "",
            "enable_dns64": false,
            "enable_lni_at_device_index": 0,
            "enable_resource_name_dns_a_record_on_launch": false,
            "enable_resource_name_dns_aaaa_record_on_launch": false,
            "id": "subnet-0082fc25d9a0bfd14",
            "ipv6_cidr_block": "",
            "ipv6_cidr_block_association_id": "",
            "ipv6_native": false,
            "map_customer_owned_ip_on_launch": false,
            "map_public_ip_on_launch": true,
            "outpost_arn": "",
            "owner_id": "170565538301",
            "private_dns_hostname_type_on_launch": "ip-name",
            "region": "us-east-1",
            "tags": {
              "Name": "springboot-eks-public-subnet-2",
              "kubernetes.io/role/elb": "1"
            },
            "tags_all": {
              "Name": "springboot-eks-public-subnet-2",
              "kubernetes.io/role/elb": "1"
            },
            "timeouts": null,
            "vpc_id": "vpc-0d82ab8ecf477b434"
          },
          "sensitive_attributes": [],
          "private": "eyJlMmJmYjczMC1lY2FhLTExZTYtOGY4OC0zNDM2M2JjN2M0YzAiOnsiY3JlYXRlIjo2MDAwMDAwMDAwMDAsImRlbGV0ZSI6MTIwMDAwMDAwMDAwMH0sInNjaGVtYV92ZXJzaW9uIjoiMSJ9",
          "dependencies": [
            "aws_vpc.main",
            "data.aws_availability_zones.available"
          ]
        }
      ]
    },
    {
      "mode": "managed",
      "type": "aws_vpc",
      "name": "main",
      "provider": "provider[\"registry.terraform.io/hashicorp/aws\"]",
      "instances": [
        {
          "schema_version": 1,
          "attributes": {
            "arn": "arn:aws:ec2:us-east-1:170565538301:vpc/vpc-0d82ab8ecf477b434",
            "assign_generated_ipv6_cidr_block": false,
            "cidr_block": "10.0.0.0/16",
            "default_network_acl_id": "acl-0f606b274bddbe39a",
            "default_route_table_id": "rtb-0f4301b47cd16b184",
            "default_security_group_id": "sg-012d5a97e738151da",
            "dhcp_options_id": "dopt-0e6e8d69e004b5254",
            "enable_dns_hostnames": true,
            "enable_dns_support": true,
            "enable_network_address_usage_metrics": false,
            "id": "vpc-0d82ab8ecf477b434",
            "instance_tenancy": "default",
            "ipv4_ipam_pool_id": null,
            "ipv4_netmask_length": null,
            "ipv6_association_id": "",
            "ipv6_cidr_block": "",
            "ipv6_cidr_block_network_border_group": "",
            "ipv6_ipam_pool_id": "",
            "ipv6_netmask_length": 0,
            "main_route_table_id": "rtb-0f4301b47cd16b184",
            "owner_id": "170565538301",
            "region": "us-east-1",
            "tags": {
              "Name": "springboot-eks-vpc"
            },
            "tags_all": {
              "Name": "springboot-eks-vpc"
            }
          },
          "sensitive_attributes": [],
          "private": "eyJzY2hlbWFfdmVyc2lvbiI6IjEifQ=="
        }
      ]
    }
  ],
  "check_results": null
}
